
Microsoft Visual Studio Solution File, Format Version 12.00
# Visual Studio Version 17
VisualStudioVersion = 17.14.36310.24
MinimumVisualStudioVersion = 10.0.40219.1
Project("{FAE04EC0-301F-11D3-BF4B-00C04F79EFBC}") = "Authentication", "Authentication.csproj", "{D235AAF6-3962-413F-AAF4-74F53F98068B}"
EndProject
Project("{FAE04EC0-301F-11D3-BF4B-00C04F79EFBC}") = "Authorization", "..\Authorization\Authorization.csproj", "{BB7D28F7-1695-0E38-B6A8-0650A3B739B7}"
EndProject
Project("{FAE04EC0-301F-11D3-BF4B-00C04F79EFBC}") = "Roles", "..\Roles\Roles.csproj", "{1AAEF364-7D14-48A0-8774-0127989EB787}"
EndProject
Project("{FAE04EC0-301F-11D3-BF4B-00C04F79EFBC}") = "RolesIdentity", "..\RolesIdentity\RolesIdentity.csproj", "{A0D14C26-AC16-47F5-8B0F-653C44560476}"
EndProject
Project("{2150E333-8FDC-42A3-9474-1A3956D46DE8}") = "section4", "section4", "{02EA681E-C7D8-13C7-8484-4AC65E1B71E8}"
EndProject
Project("{FAE04EC0-301F-11D3-BF4B-00C04F79EFBC}") = "AuthenticationSchemas", "..\AuthenticationSchemas\AuthenticationSchemas.csproj", "{5E5B898D-56A6-4302-83F3-259D48AB19EC}"
EndProject
Project("{2150E333-8FDC-42A3-9474-1A3956D46DE8}") = "section5", "section5", "{819AAF65-330C-4C08-8C12-CBD6B7CC68DA}"
EndProject
Project("{FAE04EC0-301F-11D3-BF4B-00C04F79EFBC}") = "IdentityManagement", "..\IdentityManagement\IdentityManagement.csproj", "{39455F9F-9EC0-E33C-2EBB-726EA4E34B01}"
EndProject
Project("{2150E333-8FDC-42A3-9474-1A3956D46DE8}") = "section7", "section7", "{A77F8074-09C4-4AB8-B969-7E9552B1C3F3}"
EndProject
Project("{FAE04EC0-301F-11D3-BF4B-00C04F79EFBC}") = "CookieAuthentication", "..\section7\CookieAuthentication\CookieAuthentication.csproj", "{67ABC2D8-DF40-4304-B4DB-F47F929CCF95}"
EndProject
Project("{2150E333-8FDC-42A3-9474-1A3956D46DE8}") = "section8", "section8", "{7135759E-EBFC-427C-904B-1BE0D429B41F}"
EndProject
Project("{FAE04EC0-301F-11D3-BF4B-00C04F79EFBC}") = "Identity", "..\section8\Identity\Identity.csproj", "{AFAF8916-CC38-4C3D-8ABE-C9FDB619F87E}"
EndProject
Project("{FAE04EC0-301F-11D3-BF4B-00C04F79EFBC}") = "App", "..\section8\App\App.csproj", "{DAE33093-7C57-4D84-8CA1-4AB63C69D7DA}"
EndProject
Global
	GlobalSection(SolutionConfigurationPlatforms) = preSolution
		Debug|Any CPU = Debug|Any CPU
		Release|Any CPU = Release|Any CPU
	EndGlobalSection
	GlobalSection(ProjectConfigurationPlatforms) = postSolution
		{D235AAF6-3962-413F-AAF4-74F53F98068B}.Debug|Any CPU.ActiveCfg = Debug|Any CPU
		{D235AAF6-3962-413F-AAF4-74F53F98068B}.Debug|Any CPU.Build.0 = Debug|Any CPU
		{D235AAF6-3962-413F-AAF4-74F53F98068B}.Release|Any CPU.ActiveCfg = Release|Any CPU
		{D235AAF6-3962-413F-AAF4-74F53F98068B}.Release|Any CPU.Build.0 = Release|Any CPU
		{BB7D28F7-1695-0E38-B6A8-0650A3B739B7}.Debug|Any CPU.ActiveCfg = Debug|Any CPU
		{BB7D28F7-1695-0E38-B6A8-0650A3B739B7}.Debug|Any CPU.Build.0 = Debug|Any CPU
		{BB7D28F7-1695-0E38-B6A8-0650A3B739B7}.Release|Any CPU.ActiveCfg = Release|Any CPU
		{BB7D28F7-1695-0E38-B6A8-0650A3B739B7}.Release|Any CPU.Build.0 = Release|Any CPU
		{1AAEF364-7D14-48A0-8774-0127989EB787}.Debug|Any CPU.ActiveCfg = Debug|Any CPU
		{1AAEF364-7D14-48A0-8774-0127989EB787}.Debug|Any CPU.Build.0 = Debug|Any CPU
		{1AAEF364-7D14-48A0-8774-0127989EB787}.Release|Any CPU.ActiveCfg = Release|Any CPU
		{1AAEF364-7D14-48A0-8774-0127989EB787}.Release|Any CPU.Build.0 = Release|Any CPU
		{A0D14C26-AC16-47F5-8B0F-653C44560476}.Debug|Any CPU.ActiveCfg = Debug|Any CPU
		{A0D14C26-AC16-47F5-8B0F-653C44560476}.Debug|Any CPU.Build.0 = Debug|Any CPU
		{A0D14C26-AC16-47F5-8B0F-653C44560476}.Release|Any CPU.ActiveCfg = Release|Any CPU
		{A0D14C26-AC16-47F5-8B0F-653C44560476}.Release|Any CPU.Build.0 = Release|Any CPU
		{5E5B898D-56A6-4302-83F3-259D48AB19EC}.Debug|Any CPU.ActiveCfg = Debug|Any CPU
		{5E5B898D-56A6-4302-83F3-259D48AB19EC}.Debug|Any CPU.Build.0 = Debug|Any CPU
		{5E5B898D-56A6-4302-83F3-259D48AB19EC}.Release|Any CPU.ActiveCfg = Release|Any CPU
		{5E5B898D-56A6-4302-83F3-259D48AB19EC}.Release|Any CPU.Build.0 = Release|Any CPU
		{39455F9F-9EC0-E33C-2EBB-726EA4E34B01}.Debug|Any CPU.ActiveCfg = Debug|Any CPU
		{39455F9F-9EC0-E33C-2EBB-726EA4E34B01}.Debug|Any CPU.Build.0 = Debug|Any CPU
		{39455F9F-9EC0-E33C-2EBB-726EA4E34B01}.Release|Any CPU.ActiveCfg = Release|Any CPU
		{39455F9F-9EC0-E33C-2EBB-726EA4E34B01}.Release|Any CPU.Build.0 = Release|Any CPU
		{67ABC2D8-DF40-4304-B4DB-F47F929CCF95}.Debug|Any CPU.ActiveCfg = Debug|Any CPU
		{67ABC2D8-DF40-4304-B4DB-F47F929CCF95}.Debug|Any CPU.Build.0 = Debug|Any CPU
		{67ABC2D8-DF40-4304-B4DB-F47F929CCF95}.Release|Any CPU.ActiveCfg = Release|Any CPU
		{67ABC2D8-DF40-4304-B4DB-F47F929CCF95}.Release|Any CPU.Build.0 = Release|Any CPU
		{AFAF8916-CC38-4C3D-8ABE-C9FDB619F87E}.Debug|Any CPU.ActiveCfg = Debug|Any CPU
		{AFAF8916-CC38-4C3D-8ABE-C9FDB619F87E}.Debug|Any CPU.Build.0 = Debug|Any CPU
		{AFAF8916-CC38-4C3D-8ABE-C9FDB619F87E}.Release|Any CPU.ActiveCfg = Release|Any CPU
		{AFAF8916-CC38-4C3D-8ABE-C9FDB619F87E}.Release|Any CPU.Build.0 = Release|Any CPU
		{DAE33093-7C57-4D84-8CA1-4AB63C69D7DA}.Debug|Any CPU.ActiveCfg = Debug|Any CPU
		{DAE33093-7C57-4D84-8CA1-4AB63C69D7DA}.Debug|Any CPU.Build.0 = Debug|Any CPU
		{DAE33093-7C57-4D84-8CA1-4AB63C69D7DA}.Release|Any CPU.ActiveCfg = Release|Any CPU
		{DAE33093-7C57-4D84-8CA1-4AB63C69D7DA}.Release|Any CPU.Build.0 = Release|Any CPU
	EndGlobalSection
	GlobalSection(SolutionProperties) = preSolution
		HideSolutionNode = FALSE
	EndGlobalSection
	GlobalSection(NestedProjects) = preSolution
		{5E5B898D-56A6-4302-83F3-259D48AB19EC} = {02EA681E-C7D8-13C7-8484-4AC65E1B71E8}
		{39455F9F-9EC0-E33C-2EBB-726EA4E34B01} = {819AAF65-330C-4C08-8C12-CBD6B7CC68DA}
		{67ABC2D8-DF40-4304-B4DB-F47F929CCF95} = {A77F8074-09C4-4AB8-B969-7E9552B1C3F3}
		{AFAF8916-CC38-4C3D-8ABE-C9FDB619F87E} = {7135759E-EBFC-427C-904B-1BE0D429B41F}
		{DAE33093-7C57-4D84-8CA1-4AB63C69D7DA} = {7135759E-EBFC-427C-904B-1BE0D429B41F}
	EndGlobalSection
	GlobalSection(ExtensibilityGlobals) = postSolution
		SolutionGuid = {26F5E0F4-B11D-4F4A-8024-A2186903E762}
	EndGlobalSection
EndGlobal
